
Microsoft Visual Studio Solution File, Format Version 12.00
# Visual Studio 14
VisualStudioVersion = 14.0.25420.1
MinimumVisualStudioVersion = 10.0.40219.1
Project("{8BC9CEB8-8B4A-11D0-8D11-00A0C91BC942}") = "monkc4win64", "MC\MC.vcxproj", "{6117F30C-7E84-415B-B119-3913E892E152}"
EndProject
Global
	GlobalSection(SolutionConfigurationPlatforms) = preSolution
		Debug|x64 = Debug|x64
		Release|x64 = Release|x64
	EndGlobalSection
	GlobalSection(ProjectConfigurationPlatforms) = postSolution
		{6117F30C-7E84-415B-B119-3913E892E152}.Debug|x64.ActiveCfg = Debug|x64
		{6117F30C-7E84-415B-B119-3913E892E152}.Debug|x64.Build.0 = Debug|x64
		{6117F30C-7E84-415B-B119-3913E892E152}.Release|x64.ActiveCfg = Release|x64
		{6117F30C-7E84-415B-B119-3913E892E152}.Release|x64.Build.0 = Release|x64
	EndGlobalSection
	GlobalSection(SolutionProperties) = preSolution
		HideSolutionNode = FALSE
	EndGlobalSection
EndGlobal
